
Microsoft Visual Studio Solution File, Format Version 12.00
# Visual Studio Version 17
VisualStudioVersion = 17.6.33801.468
MinimumVisualStudioVersion = 10.0.40219.1
Project("{9A19103F-16F7-4668-BE54-9A1E7A4F7556}") = "RyVarr", "RyVarr\RyVarr.csproj", "{5869ADFC-0674-4EE7-B608-61D6F4B90563}"
EndProject
Project("{9A19103F-16F7-4668-BE54-9A1E7A4F7556}") = "RyVarr.Android", "RyVarr.Android\RyVarr.Android.csproj", "{152348B2-11D1-4187-839A-534C4AD7EFC8}"
EndProject
Project("{9A19103F-16F7-4668-BE54-9A1E7A4F7556}") = "RyVarr.Desktop", "RyVarr.Desktop\RyVarr.Desktop.csproj", "{E1FB5F80-98D6-4A15-B28D-9162751DB1B9}"
EndProject
Project("{9A19103F-16F7-4668-BE54-9A1E7A4F7556}") = "RyVarr.iOS", "RyVarr.iOS\RyVarr.iOS.csproj", "{2A53AA03-5E62-4170-9AD0-764F4DF02B32}"
EndProject
Project("{9A19103F-16F7-4668-BE54-9A1E7A4F7556}") = "RyVarr.Browser", "RyVarr.Browser\RyVarr.Browser.csproj", "{7E39E6FC-6207-47CA-9E94-51D74F796BC2}"
EndProject
Global
	GlobalSection(SolutionConfigurationPlatforms) = preSolution
		Debug|Any CPU = Debug|Any CPU
		Release|Any CPU = Release|Any CPU
	EndGlobalSection
	GlobalSection(ProjectConfigurationPlatforms) = postSolution
		{5869ADFC-0674-4EE7-B608-61D6F4B90563}.Debug|Any CPU.ActiveCfg = Debug|Any CPU
		{5869ADFC-0674-4EE7-B608-61D6F4B90563}.Debug|Any CPU.Build.0 = Debug|Any CPU
		{5869ADFC-0674-4EE7-B608-61D6F4B90563}.Release|Any CPU.ActiveCfg = Release|Any CPU
		{5869ADFC-0674-4EE7-B608-61D6F4B90563}.Release|Any CPU.Build.0 = Release|Any CPU
		{152348B2-11D1-4187-839A-534C4AD7EFC8}.Debug|Any CPU.ActiveCfg = Debug|Any CPU
		{152348B2-11D1-4187-839A-534C4AD7EFC8}.Debug|Any CPU.Build.0 = Debug|Any CPU
		{152348B2-11D1-4187-839A-534C4AD7EFC8}.Debug|Any CPU.Deploy.0 = Debug|Any CPU
		{152348B2-11D1-4187-839A-534C4AD7EFC8}.Release|Any CPU.ActiveCfg = Release|Any CPU
		{152348B2-11D1-4187-839A-534C4AD7EFC8}.Release|Any CPU.Build.0 = Release|Any CPU
		{152348B2-11D1-4187-839A-534C4AD7EFC8}.Release|Any CPU.Deploy.0 = Release|Any CPU
		{E1FB5F80-98D6-4A15-B28D-9162751DB1B9}.Debug|Any CPU.ActiveCfg = Debug|Any CPU
		{E1FB5F80-98D6-4A15-B28D-9162751DB1B9}.Debug|Any CPU.Build.0 = Debug|Any CPU
		{E1FB5F80-98D6-4A15-B28D-9162751DB1B9}.Release|Any CPU.ActiveCfg = Release|Any CPU
		{E1FB5F80-98D6-4A15-B28D-9162751DB1B9}.Release|Any CPU.Build.0 = Release|Any CPU
		{2A53AA03-5E62-4170-9AD0-764F4DF02B32}.Debug|Any CPU.ActiveCfg = Debug|Any CPU
		{2A53AA03-5E62-4170-9AD0-764F4DF02B32}.Debug|Any CPU.Build.0 = Debug|Any CPU
		{2A53AA03-5E62-4170-9AD0-764F4DF02B32}.Debug|Any CPU.Deploy.0 = Debug|Any CPU
		{2A53AA03-5E62-4170-9AD0-764F4DF02B32}.Release|Any CPU.ActiveCfg = Release|Any CPU
		{2A53AA03-5E62-4170-9AD0-764F4DF02B32}.Release|Any CPU.Build.0 = Release|Any CPU
		{2A53AA03-5E62-4170-9AD0-764F4DF02B32}.Release|Any CPU.Deploy.0 = Release|Any CPU
		{7E39E6FC-6207-47CA-9E94-51D74F796BC2}.Debug|Any CPU.ActiveCfg = Debug|Any CPU
		{7E39E6FC-6207-47CA-9E94-51D74F796BC2}.Debug|Any CPU.Build.0 = Debug|Any CPU
		{7E39E6FC-6207-47CA-9E94-51D74F796BC2}.Release|Any CPU.ActiveCfg = Release|Any CPU
		{7E39E6FC-6207-47CA-9E94-51D74F796BC2}.Release|Any CPU.Build.0 = Release|Any CPU
	EndGlobalSection
	GlobalSection(SolutionProperties) = preSolution
		HideSolutionNode = FALSE
	EndGlobalSection
	GlobalSection(ExtensibilityGlobals) = postSolution
		SolutionGuid = {E8086C37-E044-4C5A-88C1-6096F152A904}
	EndGlobalSection
EndGlobal
